
Microsoft Visual Studio Solution File, Format Version 10.00
# Visual Studio 2008
Project("{FAE04EC0-301F-11D3-BF4B-00C04F79EFBC}") = "ScreenDNS_Client", "ScreenDNS_Client\ScreenDNS_Client.csproj", "{B7B480B6-B5EA-48C5-8CD1-0F6B901939C2}"
EndProject
Project("{FAE04EC0-301F-11D3-BF4B-00C04F79EFBC}") = "ScreenDNS_Client.UI", "ScreenDNS_Client.UI\ScreenDNS_Client.UI.csproj", "{0209E493-99E7-4AE2-962D-CAB1E04FB27A}"
EndProject
Project("{FAE04EC0-301F-11D3-BF4B-00C04F79EFBC}") = "ScreenDNS_Client.Lib", "ScreenDNS_Client.Lib\ScreenDNS_Client.Lib.csproj", "{3C9806DC-265E-4D33-B5AD-ECCF76ECCB8A}"
EndProject
Project("{54435603-DBB4-11D2-8724-00A0C9A8B90C}") = "Installer", "Installer\Installer.vdproj", "{719AD706-A8ED-497B-8301-858D3D14B360}"
EndProject
Global
	GlobalSection(SolutionConfigurationPlatforms) = preSolution
		Debug|Any CPU = Debug|Any CPU
		Release|Any CPU = Release|Any CPU
	EndGlobalSection
	GlobalSection(ProjectConfigurationPlatforms) = postSolution
		{B7B480B6-B5EA-48C5-8CD1-0F6B901939C2}.Debug|Any CPU.ActiveCfg = Debug|Any CPU
		{B7B480B6-B5EA-48C5-8CD1-0F6B901939C2}.Debug|Any CPU.Build.0 = Debug|Any CPU
		{B7B480B6-B5EA-48C5-8CD1-0F6B901939C2}.Release|Any CPU.ActiveCfg = Release|Any CPU
		{B7B480B6-B5EA-48C5-8CD1-0F6B901939C2}.Release|Any CPU.Build.0 = Release|Any CPU
		{0209E493-99E7-4AE2-962D-CAB1E04FB27A}.Debug|Any CPU.ActiveCfg = Debug|Any CPU
		{0209E493-99E7-4AE2-962D-CAB1E04FB27A}.Debug|Any CPU.Build.0 = Debug|Any CPU
		{0209E493-99E7-4AE2-962D-CAB1E04FB27A}.Release|Any CPU.ActiveCfg = Release|Any CPU
		{0209E493-99E7-4AE2-962D-CAB1E04FB27A}.Release|Any CPU.Build.0 = Release|Any CPU
		{3C9806DC-265E-4D33-B5AD-ECCF76ECCB8A}.Debug|Any CPU.ActiveCfg = Debug|Any CPU
		{3C9806DC-265E-4D33-B5AD-ECCF76ECCB8A}.Debug|Any CPU.Build.0 = Debug|Any CPU
		{3C9806DC-265E-4D33-B5AD-ECCF76ECCB8A}.Release|Any CPU.ActiveCfg = Release|Any CPU
		{3C9806DC-265E-4D33-B5AD-ECCF76ECCB8A}.Release|Any CPU.Build.0 = Release|Any CPU
		{719AD706-A8ED-497B-8301-858D3D14B360}.Debug|Any CPU.ActiveCfg = Debug
		{719AD706-A8ED-497B-8301-858D3D14B360}.Release|Any CPU.ActiveCfg = Release
	EndGlobalSection
	GlobalSection(SolutionProperties) = preSolution
		HideSolutionNode = FALSE
	EndGlobalSection
EndGlobal
