
Microsoft Visual Studio Solution File, Format Version 10.00
# Visual Studio 2008
Project("{FAE04EC0-301F-11D3-BF4B-00C04F79EFBC}") = "HTML_Parser", "HTML_Parser\HTML_Parser.csproj", "{B704FB35-08C6-49F4-8030-D6744178DDFE}"
EndProject
Project("{2150E333-8FDC-42A3-9474-1A3956D46DE8}") = "lib", "lib", "{EC21E855-E90B-4E79-9CD8-785A1010FF6E}"
	ProjectSection(SolutionItems) = preProject
		lib\HtmlAgilityPack.dll = lib\HtmlAgilityPack.dll
		lib\HtmlAgilityPack.XML = lib\HtmlAgilityPack.XML
		lib\Microsoft.Practices.EnterpriseLibrary.Common.dll = lib\Microsoft.Practices.EnterpriseLibrary.Common.dll
		lib\Microsoft.Practices.EnterpriseLibrary.Data.dll = lib\Microsoft.Practices.EnterpriseLibrary.Data.dll
		lib\Microsoft.Practices.ObjectBuilder2.dll = lib\Microsoft.Practices.ObjectBuilder2.dll
	EndProjectSection
EndProject
Global
	GlobalSection(SolutionConfigurationPlatforms) = preSolution
		Debug|Any CPU = Debug|Any CPU
		Release|Any CPU = Release|Any CPU
	EndGlobalSection
	GlobalSection(ProjectConfigurationPlatforms) = postSolution
		{B704FB35-08C6-49F4-8030-D6744178DDFE}.Debug|Any CPU.ActiveCfg = Debug|Any CPU
		{B704FB35-08C6-49F4-8030-D6744178DDFE}.Debug|Any CPU.Build.0 = Debug|Any CPU
		{B704FB35-08C6-49F4-8030-D6744178DDFE}.Release|Any CPU.ActiveCfg = Release|Any CPU
		{B704FB35-08C6-49F4-8030-D6744178DDFE}.Release|Any CPU.Build.0 = Release|Any CPU
	EndGlobalSection
	GlobalSection(SolutionProperties) = preSolution
		HideSolutionNode = FALSE
	EndGlobalSection
EndGlobal
